// !$*UTF8*$!
{
	archiveVersion = 1;
	classes = {
	};
	objectVersion = 50;
	objects = {

/* Begin PBXBuildFile section */
		A66A5A3724337DE9002AF3BA /* AppDelegate.swift in Sources */ = {isa = PBXBuildFile; fileRef = A66A5A3624337DE9002AF3BA /* AppDelegate.swift */; };
		A66A5A3924337DE9002AF3BA /* SceneDelegate.swift in Sources */ = {isa = PBXBuildFile; fileRef = A66A5A3824337DE9002AF3BA /* SceneDelegate.swift */; };
		A66A5A3B24337DE9002AF3BA /* ViewController.swift in Sources */ = {isa = PBXBuildFile; fileRef = A66A5A3A24337DE9002AF3BA /* ViewController.swift */; };
		A66A5A3E24337DE9002AF3BA /* Main.storyboard in Resources */ = {isa = PBXBuildFile; fileRef = A66A5A3C24337DE9002AF3BA /* Main.storyboard */; };
		A66A5A4024337DEB002AF3BA /* Assets.xcassets in Resources */ = {isa = PBXBuildFile; fileRef = A66A5A3F24337DEB002AF3BA /* Assets.xcassets */; };
		A66A5A4324337DEB002AF3BA /* LaunchScreen.storyboard in Resources */ = {isa = PBXBuildFile; fileRef = A66A5A4124337DEB002AF3BA /* LaunchScreen.storyboard */; };
/* End PBXBuildFile section */

/* Begin PBXFileReference section */
		A66A5A3324337DE9002AF3BA /* MyUpDown.app */ = {isa = PBXFileReference; explicitFileType = wrapper.application; includeInIndex = 0; path = MyUpDown.app; sourceTree = BUILT_PRODUCTS_DIR; };
		A66A5A3624337DE9002AF3BA /* AppDelegate.swift */ = {isa = PBXFileReference; lastKnownFileType = sourcecode.swift; path = AppDelegate.swift; sourceTree = "<group>"; };
		A66A5A3824337DE9002AF3BA /* SceneDelegate.swift */ = {isa = PBXFileReference; lastKnownFileType = sourcecode.swift; path = SceneDelegate.swift; sourceTree = "<group>"; };
		A66A5A3A24337DE9002AF3BA /* ViewController.swift */ = {isa = PBXFileReference; lastKnownFileType = sourcecode.swift; path = ViewController.swift; sourceTree = "<group>"; };
		A66A5A3D24337DE9002AF3BA /* Base */ = {isa = PBXFileReference; lastKnownFileType = file.storyboard; name = Base; path = Base.lproj/Main.storyboard; sourceTree = "<group>"; };
		A66A5A3F24337DEB002AF3BA /* Assets.xcassets */ = {isa = PBXFileReference; lastKnownFileType = folder.assetcatalog; path = Assets.xcassets; sourceTree = "<group>"; };
		A66A5A4224337DEB002AF3BA /* Base */ = {isa = PBXFileReference; lastKnownFileType = file.storyboard; name = Base; path = Base.lproj/LaunchScreen.storyboard; sourceTree = "<group>"; };
		A66A5A4424337DEB002AF3BA /* Info.plist */ = {isa = PBXFileReference; lastKnownFileType = text.plist.xml; path = Info.plist; sourceTree = "<group>"; };
/* End PBXFileReference section */

/* Begin PBXFrameworksBuildPhase section */
		A66A5A3024337DE9002AF3BA /* Frameworks */ = {
			isa = PBXFrameworksBuildPhase;
			buildActionMask = 2147483647;
			files = (
			);
			runOnlyForDeploymentPostprocessing = 0;
		};
/* End PBXFrameworksBuildPhase section */

/* Begin PBXGroup section */
		A66A5A2A24337DE9002AF3BA = {
			isa = PBXGroup;
			children = (
				A66A5A3524337DE9002AF3BA /* MyUpDown */,
				A66A5A3424337DE9002AF3BA /* Products */,
			);
			sourceTree = "<group>";
		};
		A66A5A3424337DE9002AF3BA /* Products */ = {
			isa = PBXGroup;
			children = (
				A66A5A3324337DE9002AF3BA /* MyUpDown.app */,
			);
			name = Products;
			sourceTree = "<group>";
		};
		A66A5A3524337DE9002AF3BA /* MyUpDown */ = {
			isa = PBXGroup;
			children = (
				A66A5A3624337DE9002AF3BA /* AppDelegate.swift */,
				A66A5A3824337DE9002AF3BA /* SceneDelegate.swift */,
				A66A5A3A24337DE9002AF3BA /* ViewController.swift */,
				A66A5A3C24337DE9002AF3BA /* Main.storyboard */,
				A66A5A3F24337DEB002AF3BA /* Assets.xcassets */,
				A66A5A4124337DEB002AF3BA /* LaunchScreen.storyboard */,
				A66A5A4424337DEB002AF3BA /* Info.plist */,
			);
			path = MyUpDown;
			sourceTree = "<group>";
		};
/* End PBXGroup section */

/* Begin PBXNativeTarget section */
		A66A5A3224337DE9002AF3BA /* MyUpDown */ = {
			isa = PBXNativeTarget;
			buildConfigurationList = A66A5A4724337DEB002AF3BA /* Build configuration list for PBXNativeTarget "MyUpDown" */;
			buildPhases = (
				A66A5A2F24337DE9002AF3BA /* Sources */,
				A66A5A3024337DE9002AF3BA /* Frameworks */,
				A66A5A3124337DE9002AF3BA /* Resources */,
			);
			buildRules = (
			);
			dependencies = (
			);
			name = MyUpDown;
			productName = MyUpDown;
			productReference = A66A5A3324337DE9002AF3BA /* MyUpDown.app */;
			productType = "com.apple.product-type.application";
		};
/* End PBXNativeTarget section */

/* Begin PBXProject section */
		A66A5A2B24337DE9002AF3BA /* Project object */ = {
			isa = PBXProject;
			attributes = {
				LastSwiftUpdateCheck = 1120;
				LastUpgradeCheck = 1120;
				ORGANIZATIONNAME = kdy;
				TargetAttributes = {
					A66A5A3224337DE9002AF3BA = {
						CreatedOnToolsVersion = 11.2;
					};
				};
			};
			buildConfigurationList = A66A5A2E24337DE9002AF3BA /* Build configuration list for PBXProject "MyUpDown" */;
			compatibilityVersion = "Xcode 9.3";
			developmentRegion = en;
			hasScannedForEncodings = 0;
			knownRegions = (
				en,
				Base,
			);
			mainGroup = A66A5A2A24337DE9002AF3BA;
			productRefGroup = A66A5A3424337DE9002AF3BA /* Products */;
			projectDirPath = "";
			projectRoot = "";
			targets = (
				A66A5A3224337DE9002AF3BA /* MyUpDown */,
			);
		};
/* End PBXProject section */

/* Begin PBXResourcesBuildPhase section */
		A66A5A3124337DE9002AF3BA /* Resources */ = {
			isa = PBXResourcesBuildPhase;
			buildActionMask = 2147483647;
			files = (
				A66A5A4324337DEB002AF3BA /* LaunchScreen.storyboard in Resources */,
				A66A5A4024337DEB002AF3BA /* Assets.xcassets in Resources */,
				A66A5A3E24337DE9002AF3BA /* Main.storyboard in Resources */,
			);
			runOnlyForDeploymentPostprocessing = 0;
		};
/* End PBXResourcesBuildPhase section */

/* Begin PBXSourcesBuildPhase section */
		A66A5A2F24337DE9002AF3BA /* Sources */ = {
			isa = PBXSourcesBuildPhase;
			buildActionMask = 2147483647;
			files = (
				A66A5A3B24337DE9002AF3BA /* ViewController.swift in Sources */,
				A66A5A3724337DE9002AF3BA /* AppDelegate.swift in Sources */,
				A66A5A3924337DE9002AF3BA /* SceneDelegate.swift in Sources */,
			);
			runOnlyForDeploymentPostprocessing = 0;
		};
/* End PBXSourcesBuildPhase section */

/* Begin PBXVariantGroup section */
		A66A5A3C24337DE9002AF3BA /* Main.storyboard */ = {
			isa = PBXVariantGroup;
			children = (
				A66A5A3D24337DE9002AF3BA /* Base */,
			);
			name = Main.storyboard;
			sourceTree = "<group>";
		};
		A66A5A4124337DEB002AF3BA /* LaunchScreen.storyboard */ = {
			isa = PBXVariantGroup;
			children = (
				A66A5A4224337DEB002AF3BA /* Base */,
			);
			name = LaunchScreen.storyboard;
			sourceTree = "<group>";
		};
/* End PBXVariantGroup section */

/* Begin XCBuildConfiguration section */
		A66A5A4524337DEB002AF3BA /* Debug */ = {
			isa = XCBuildConfiguration;
			buildSettings = {
				ALWAYS_SEARCH_USER_PATHS = NO;
				CLANG_ANALYZER_NONNULL = YES;
				CLANG_ANALYZER_NUMBER_OBJECT_CONVERSION = YES_AGGRESSIVE;
				CLANG_CXX_LANGUAGE_STANDARD = "gnu++14";
				CLANG_CXX_LIBRARY = "libc++";
				CLANG_ENABLE_MODULES = YES;
				CLANG_ENABLE_OBJC_ARC = YES;
				CLANG_ENABLE_OBJC_WEAK = YES;
				CLANG_WARN_BLOCK_CAPTURE_AUTORELEASING = YES;
				CLANG_WARN_BOOL_CONVERSION = YES;
				CLANG_WARN_COMMA = YES;
				CLANG_WARN_CONSTANT_CONVERSION = YES;
				CLANG_WARN_DEPRECATED_OBJC_IMPLEMENTATIONS = YES;
				CLANG_WARN_DIRECT_OBJC_ISA_USAGE = YES_ERROR;
				CLANG_WARN_DOCUMENTATION_COMMENTS = YES;
				CLANG_WARN_EMPTY_BODY = YES;
				CLANG_WARN_ENUM_CONVERSION = YES;
				CLANG_WARN_INFINITE_RECURSION = YES;
				CLANG_WARN_INT_CONVERSION = YES;
				CLANG_WARN_NON_LITERAL_NULL_CONVERSION = YES;
				CLANG_WARN_OBJC_IMPLICIT_RETAIN_SELF = YES;
				CLANG_WARN_OBJC_LITERAL_CONVERSION = YES;
				CLANG_WARN_OBJC_ROOT_CLASS = YES_ERROR;
				CLANG_WARN_RANGE_LOOP_ANALYSIS = YES;
				CLANG_WARN_STRICT_PROTOTYPES = YES;
				CLANG_WARN_SUSPICIOUS_MOVE = YES;
				CLANG_WARN_UNGUARDED_AVAILABILITY = YES_AGGRESSIVE;
				CLANG_WARN_UNREACHABLE_CODE = YES;
				CLANG_WARN__DUPLICATE_METHOD_MATCH = YES;
				COPY_PHASE_STRIP = NO;
				DEBUG_INFORMATION_FORMAT = dwarf;
				ENABLE_STRICT_OBJC_MSGSEND = YES;
				ENABLE_TESTABILITY = YES;
				GCC_C_LANGUAGE_STANDARD = gnu11;
				GCC_DYNAMIC_NO_PIC = NO;
				GCC_NO_COMMON_BLOCKS = YES;
				GCC_OPTIMIZATION_LEVEL = 0;
				GCC_PREPROCESSOR_DEFINITIONS = (
					"DEBUG=1",
					"$(inherited)",
				);
				GCC_WARN_64_TO_32_BIT_CONVERSION = YES;
				GCC_WARN_ABOUT_RETURN_TYPE = YES_ERROR;
				GCC_WARN_UNDECLARED_SELECTOR = YES;
				GCC_WARN_UNINITIALIZED_AUTOS = YES_AGGRESSIVE;
				GCC_WARN_UNUSED_FUNCTION = YES;
				GCC_WARN_UNUSED_VARIABLE = YES;
				IPHONEOS_DEPLOYMENT_TARGET = 13.2;
				MTL_ENABLE_DEBUG_INFO = INCLUDE_SOURCE;
				MTL_FAST_MATH = YES;
				ONLY_ACTIVE_ARCH = YES;
				SDKROOT = iphoneos;
				SWIFT_ACTIVE_COMPILATION_CONDITIONS = DEBUG;
				SWIFT_OPTIMIZATION_LEVEL = "-Onone";
			};
			name = Debug;
		};
		A66A5A4624337DEB002AF3BA /* Release */ = {
			isa = XCBuildConfiguration;
			buildSettings = {
				ALWAYS_SEARCH_USER_PATHS = NO;
				CLANG_ANALYZER_NONNULL = YES;
				CLANG_ANALYZER_NUMBER_OBJECT_CONVERSION = YES_AGGRESSIVE;
				CLANG_CXX_LANGUAGE_STANDARD = "gnu++14";
				CLANG_CXX_LIBRARY = "libc++";
				CLANG_ENABLE_MODULES = YES;
				CLANG_ENABLE_OBJC_ARC = YES;
				CLANG_ENABLE_OBJC_WEAK = YES;
				CLANG_WARN_BLOCK_CAPTURE_AUTORELEASING = YES;
				CLANG_WARN_BOOL_CONVERSION = YES;
				CLANG_WARN_COMMA = YES;
				CLANG_WARN_CONSTANT_CONVERSION = YES;
				CLANG_WARN_DEPRECATED_OBJC_IMPLEMENTATIONS = YES;
				CLANG_WARN_DIRECT_OBJC_ISA_USAGE = YES_ERROR;
				CLANG_WARN_DOCUMENTATION_COMMENTS = YES;
				CLANG_WARN_EMPTY_BODY = YES;
				CLANG_WARN_ENUM_CONVERSION = YES;
				CLANG_WARN_INFINITE_RECURSION = YES;
				CLANG_WARN_INT_CONVERSION = YES;
				CLANG_WARN_NON_LITERAL_NULL_CONVERSION = YES;
				CLANG_WARN_OBJC_IMPLICIT_RETAIN_SELF = YES;
				CLANG_WARN_OBJC_LITERAL_CONVERSION = YES;
				CLANG_WARN_OBJC_ROOT_CLASS = YES_ERROR;
				CLANG_WARN_RANGE_LOOP_ANALYSIS = YES;
				CLANG_WARN_STRICT_PROTOTYPES = YES;
				CLANG_WARN_SUSPICIOUS_MOVE = YES;
				CLANG_WARN_UNGUARDED_AVAILABILITY = YES_AGGRESSIVE;
				CLANG_WARN_UNREACHABLE_CODE = YES;
				CLANG_WARN__DUPLICATE_METHOD_MATCH = YES;
				COPY_PHASE_STRIP = NO;
				DEBUG_INFORMATION_FORMAT = "dwarf-with-dsym";
				ENABLE_NS_ASSERTIONS = NO;
				ENABLE_STRICT_OBJC_MSGSEND = YES;
				GCC_C_LANGUAGE_STANDARD = gnu11;
				GCC_NO_COMMON_BLOCKS = YES;
				GCC_WARN_64_TO_32_BIT_CONVERSION = YES;
				GCC_WARN_ABOUT_RETURN_TYPE = YES_ERROR;
				GCC_WARN_UNDECLARED_SELECTOR = YES;
				GCC_WARN_UNINITIALIZED_AUTOS = YES_AGGRESSIVE;
				GCC_WARN_UNUSED_FUNCTION = YES;
				GCC_WARN_UNUSED_VARIABLE = YES;
				IPHONEOS_DEPLOYMENT_TARGET = 13.2;
				MTL_ENABLE_DEBUG_INFO = NO;
				MTL_FAST_MATH = YES;
				SDKROOT = iphoneos;
				SWIFT_COMPILATION_MODE = wholemodule;
				SWIFT_OPTIMIZATION_LEVEL = "-O";
				VALIDATE_PRODUCT = YES;
			};
			name = Release;
		};
		A66A5A4824337DEB002AF3BA /* Debug */ = {
			isa = XCBuildConfiguration;
			buildSettings = {
				ASSETCATALOG_COMPILER_APPICON_NAME = AppIcon;
				CODE_SIGN_STYLE = Automatic;
				INFOPLIST_FILE = MyUpDown/Info.plist;
				LD_RUNPATH_SEARCH_PATHS = (
					"$(inherited)",
					"@executable_path/Frameworks",
				);
				PRODUCT_BUNDLE_IDENTIFIER = kdy.yagom.MyUpDown;
				PRODUCT_NAME = "$(TARGET_NAME)";
				SWIFT_VERSION = 5.0;
				TARGETED_DEVICE_FAMILY = "1,2";
			};
			name = Debug;
		};
		A66A5A4924337DEB002AF3BA /* Release */ = {
			isa = XCBuildConfiguration;
			buildSettings = {
				ASSETCATALOG_COMPILER_APPICON_NAME = AppIcon;
				CODE_SIGN_STYLE = Automatic;
				INFOPLIST_FILE = MyUpDown/Info.plist;
				LD_RUNPATH_SEARCH_PATHS = (
					"$(inherited)",
					"@executable_path/Frameworks",
				);
				PRODUCT_BUNDLE_IDENTIFIER = kdy.yagom.MyUpDown;
				PRODUCT_NAME = "$(TARGET_NAME)";
				SWIFT_VERSION = 5.0;
				TARGETED_DEVICE_FAMILY = "1,2";
			};
			name = Release;
		};
/* End XCBuildConfiguration section */

/* Begin XCConfigurationList section */
		A66A5A2E24337DE9002AF3BA /* Build configuration list for PBXProject "MyUpDown" */ = {
			isa = XCConfigurationList;
			buildConfigurations = (
				A66A5A4524337DEB002AF3BA /* Debug */,
				A66A5A4624337DEB002AF3BA /* Release */,
			);
			defaultConfigurationIsVisible = 0;
			defaultConfigurationName = Release;
		};
		A66A5A4724337DEB002AF3BA /* Build configuration list for PBXNativeTarget "MyUpDown" */ = {
			isa = XCConfigurationList;
			buildConfigurations = (
				A66A5A4824337DEB002AF3BA /* Debug */,
				A66A5A4924337DEB002AF3BA /* Release */,
			);
			defaultConfigurationIsVisible = 0;
			defaultConfigurationName = Release;
		};
/* End XCConfigurationList section */
	};
	rootObject = A66A5A2B24337DE9002AF3BA /* Project object */;
}
