// !$*UTF8*$!
{
	archiveVersion = 1;
	classes = {
	};
	objectVersion = 48;
	objects = {

/* Begin PBXBuildFile section */
		C7073FE81FB07BC90065C92F /* AppDelegate.swift in Sources */ = {isa = PBXBuildFile; fileRef = C7073FE71FB07BC90065C92F /* AppDelegate.swift */; };
		C7073FEA1FB07BC90065C92F /* ViewController.swift in Sources */ = {isa = PBXBuildFile; fileRef = C7073FE91FB07BC90065C92F /* ViewController.swift */; };
		C7073FED1FB07BC90065C92F /* Main.storyboard in Resources */ = {isa = PBXBuildFile; fileRef = C7073FEB1FB07BC90065C92F /* Main.storyboard */; };
		C7073FEF1FB07BC90065C92F /* Assets.xcassets in Resources */ = {isa = PBXBuildFile; fileRef = C7073FEE1FB07BC90065C92F /* Assets.xcassets */; };
		C7073FF21FB07BC90065C92F /* LaunchScreen.storyboard in Resources */ = {isa = PBXBuildFile; fileRef = C7073FF01FB07BC90065C92F /* LaunchScreen.storyboard */; };
		C7BF79891FB3E6E7009251D8 /* UserInfo.swift in Sources */ = {isa = PBXBuildFile; fileRef = C7BF79881FB3E6E7009251D8 /* UserInfo.swift */; };
		C7BF798B1FB3EE89009251D8 /* QuestionViewController.swift in Sources */ = {isa = PBXBuildFile; fileRef = C7BF798A1FB3EE89009251D8 /* QuestionViewController.swift */; };
		C7BF798D1FB3EFA7009251D8 /* Question.swift in Sources */ = {isa = PBXBuildFile; fileRef = C7BF798C1FB3EFA7009251D8 /* Question.swift */; };
		C7BF798F1FB3F39B009251D8 /* ResultViewController.swift in Sources */ = {isa = PBXBuildFile; fileRef = C7BF798E1FB3F39B009251D8 /* ResultViewController.swift */; };
		C7BF79911FB3FFBC009251D8 /* Result.swift in Sources */ = {isa = PBXBuildFile; fileRef = C7BF79901FB3FFBC009251D8 /* Result.swift */; };
/* End PBXBuildFile section */

/* Begin PBXFileReference section */
		C7073FE41FB07BC90065C92F /* DISCTest.app */ = {isa = PBXFileReference; explicitFileType = wrapper.application; includeInIndex = 0; path = DISCTest.app; sourceTree = BUILT_PRODUCTS_DIR; };
		C7073FE71FB07BC90065C92F /* AppDelegate.swift */ = {isa = PBXFileReference; lastKnownFileType = sourcecode.swift; path = AppDelegate.swift; sourceTree = "<group>"; };
		C7073FE91FB07BC90065C92F /* ViewController.swift */ = {isa = PBXFileReference; lastKnownFileType = sourcecode.swift; path = ViewController.swift; sourceTree = "<group>"; };
		C7073FEC1FB07BC90065C92F /* Base */ = {isa = PBXFileReference; lastKnownFileType = file.storyboard; name = Base; path = Base.lproj/Main.storyboard; sourceTree = "<group>"; };
		C7073FEE1FB07BC90065C92F /* Assets.xcassets */ = {isa = PBXFileReference; lastKnownFileType = folder.assetcatalog; path = Assets.xcassets; sourceTree = "<group>"; };
		C7073FF11FB07BC90065C92F /* Base */ = {isa = PBXFileReference; lastKnownFileType = file.storyboard; name = Base; path = Base.lproj/LaunchScreen.storyboard; sourceTree = "<group>"; };
		C7073FF31FB07BC90065C92F /* Info.plist */ = {isa = PBXFileReference; lastKnownFileType = text.plist.xml; path = Info.plist; sourceTree = "<group>"; };
		C7BF79881FB3E6E7009251D8 /* UserInfo.swift */ = {isa = PBXFileReference; lastKnownFileType = sourcecode.swift; path = UserInfo.swift; sourceTree = "<group>"; };
		C7BF798A1FB3EE89009251D8 /* QuestionViewController.swift */ = {isa = PBXFileReference; lastKnownFileType = sourcecode.swift; path = QuestionViewController.swift; sourceTree = "<group>"; };
		C7BF798C1FB3EFA7009251D8 /* Question.swift */ = {isa = PBXFileReference; lastKnownFileType = sourcecode.swift; path = Question.swift; sourceTree = "<group>"; };
		C7BF798E1FB3F39B009251D8 /* ResultViewController.swift */ = {isa = PBXFileReference; lastKnownFileType = sourcecode.swift; path = ResultViewController.swift; sourceTree = "<group>"; };
		C7BF79901FB3FFBC009251D8 /* Result.swift */ = {isa = PBXFileReference; lastKnownFileType = sourcecode.swift; path = Result.swift; sourceTree = "<group>"; };
/* End PBXFileReference section */

/* Begin PBXFrameworksBuildPhase section */
		C7073FE11FB07BC90065C92F /* Frameworks */ = {
			isa = PBXFrameworksBuildPhase;
			buildActionMask = 2147483647;
			files = (
			);
			runOnlyForDeploymentPostprocessing = 0;
		};
/* End PBXFrameworksBuildPhase section */

/* Begin PBXGroup section */
		C7073FDB1FB07BC90065C92F = {
			isa = PBXGroup;
			children = (
				C7073FE61FB07BC90065C92F /* DISCTest */,
				C7073FE51FB07BC90065C92F /* Products */,
			);
			sourceTree = "<group>";
		};
		C7073FE51FB07BC90065C92F /* Products */ = {
			isa = PBXGroup;
			children = (
				C7073FE41FB07BC90065C92F /* DISCTest.app */,
			);
			name = Products;
			sourceTree = "<group>";
		};
		C7073FE61FB07BC90065C92F /* DISCTest */ = {
			isa = PBXGroup;
			children = (
				C7BF79931FB41628009251D8 /* Controller */,
				C7BF79921FB4161C009251D8 /* Model */,
				C7073FEE1FB07BC90065C92F /* Assets.xcassets */,
				C7073FEB1FB07BC90065C92F /* Main.storyboard */,
				C7073FF01FB07BC90065C92F /* LaunchScreen.storyboard */,
				C7073FF31FB07BC90065C92F /* Info.plist */,
			);
			path = DISCTest;
			sourceTree = "<group>";
		};
		C7BF79921FB4161C009251D8 /* Model */ = {
			isa = PBXGroup;
			children = (
				C7BF79881FB3E6E7009251D8 /* UserInfo.swift */,
				C7BF798C1FB3EFA7009251D8 /* Question.swift */,
				C7BF79901FB3FFBC009251D8 /* Result.swift */,
			);
			path = Model;
			sourceTree = "<group>";
		};
		C7BF79931FB41628009251D8 /* Controller */ = {
			isa = PBXGroup;
			children = (
				C7073FE71FB07BC90065C92F /* AppDelegate.swift */,
				C7073FE91FB07BC90065C92F /* ViewController.swift */,
				C7BF798E1FB3F39B009251D8 /* ResultViewController.swift */,
				C7BF798A1FB3EE89009251D8 /* QuestionViewController.swift */,
			);
			path = Controller;
			sourceTree = "<group>";
		};
/* End PBXGroup section */

/* Begin PBXNativeTarget section */
		C7073FE31FB07BC90065C92F /* DISCTest */ = {
			isa = PBXNativeTarget;
			buildConfigurationList = C7073FF61FB07BC90065C92F /* Build configuration list for PBXNativeTarget "DISCTest" */;
			buildPhases = (
				C7073FE01FB07BC90065C92F /* Sources */,
				C7073FE11FB07BC90065C92F /* Frameworks */,
				C7073FE21FB07BC90065C92F /* Resources */,
			);
			buildRules = (
			);
			dependencies = (
			);
			name = DISCTest;
			productName = DISCTest;
			productReference = C7073FE41FB07BC90065C92F /* DISCTest.app */;
			productType = "com.apple.product-type.application";
		};
/* End PBXNativeTarget section */

/* Begin PBXProject section */
		C7073FDC1FB07BC90065C92F /* Project object */ = {
			isa = PBXProject;
			attributes = {
				LastSwiftUpdateCheck = 0910;
				LastUpgradeCheck = 1010;
				ORGANIZATIONNAME = yagom;
				TargetAttributes = {
					C7073FE31FB07BC90065C92F = {
						CreatedOnToolsVersion = 9.1;
						LastSwiftMigration = 1010;
						ProvisioningStyle = Automatic;
					};
				};
			};
			buildConfigurationList = C7073FDF1FB07BC90065C92F /* Build configuration list for PBXProject "DISCTest" */;
			compatibilityVersion = "Xcode 8.0";
			developmentRegion = en;
			hasScannedForEncodings = 0;
			knownRegions = (
				en,
				Base,
			);
			mainGroup = C7073FDB1FB07BC90065C92F;
			productRefGroup = C7073FE51FB07BC90065C92F /* Products */;
			projectDirPath = "";
			projectRoot = "";
			targets = (
				C7073FE31FB07BC90065C92F /* DISCTest */,
			);
		};
/* End PBXProject section */

/* Begin PBXResourcesBuildPhase section */
		C7073FE21FB07BC90065C92F /* Resources */ = {
			isa = PBXResourcesBuildPhase;
			buildActionMask = 2147483647;
			files = (
				C7073FF21FB07BC90065C92F /* LaunchScreen.storyboard in Resources */,
				C7073FEF1FB07BC90065C92F /* Assets.xcassets in Resources */,
				C7073FED1FB07BC90065C92F /* Main.storyboard in Resources */,
			);
			runOnlyForDeploymentPostprocessing = 0;
		};
/* End PBXResourcesBuildPhase section */

/* Begin PBXSourcesBuildPhase section */
		C7073FE01FB07BC90065C92F /* Sources */ = {
			isa = PBXSourcesBuildPhase;
			buildActionMask = 2147483647;
			files = (
				C7BF798D1FB3EFA7009251D8 /* Question.swift in Sources */,
				C7073FEA1FB07BC90065C92F /* ViewController.swift in Sources */,
				C7BF79891FB3E6E7009251D8 /* UserInfo.swift in Sources */,
				C7BF798B1FB3EE89009251D8 /* QuestionViewController.swift in Sources */,
				C7BF79911FB3FFBC009251D8 /* Result.swift in Sources */,
				C7073FE81FB07BC90065C92F /* AppDelegate.swift in Sources */,
				C7BF798F1FB3F39B009251D8 /* ResultViewController.swift in Sources */,
			);
			runOnlyForDeploymentPostprocessing = 0;
		};
/* End PBXSourcesBuildPhase section */

/* Begin PBXVariantGroup section */
		C7073FEB1FB07BC90065C92F /* Main.storyboard */ = {
			isa = PBXVariantGroup;
			children = (
				C7073FEC1FB07BC90065C92F /* Base */,
			);
			name = Main.storyboard;
			sourceTree = "<group>";
		};
		C7073FF01FB07BC90065C92F /* LaunchScreen.storyboard */ = {
			isa = PBXVariantGroup;
			children = (
				C7073FF11FB07BC90065C92F /* Base */,
			);
			name = LaunchScreen.storyboard;
			sourceTree = "<group>";
		};
/* End PBXVariantGroup section */

/* Begin XCBuildConfiguration section */
		C7073FF41FB07BC90065C92F /* Debug */ = {
			isa = XCBuildConfiguration;
			buildSettings = {
				ALWAYS_SEARCH_USER_PATHS = NO;
				CLANG_ANALYZER_NONNULL = YES;
				CLANG_ANALYZER_NUMBER_OBJECT_CONVERSION = YES_AGGRESSIVE;
				CLANG_CXX_LANGUAGE_STANDARD = "gnu++14";
				CLANG_CXX_LIBRARY = "libc++";
				CLANG_ENABLE_MODULES = YES;
				CLANG_ENABLE_OBJC_ARC = YES;
				CLANG_WARN_BLOCK_CAPTURE_AUTORELEASING = YES;
				CLANG_WARN_BOOL_CONVERSION = YES;
				CLANG_WARN_COMMA = YES;
				CLANG_WARN_CONSTANT_CONVERSION = YES;
				CLANG_WARN_DEPRECATED_OBJC_IMPLEMENTATIONS = YES;
				CLANG_WARN_DIRECT_OBJC_ISA_USAGE = YES_ERROR;
				CLANG_WARN_DOCUMENTATION_COMMENTS = YES;
				CLANG_WARN_EMPTY_BODY = YES;
				CLANG_WARN_ENUM_CONVERSION = YES;
				CLANG_WARN_INFINITE_RECURSION = YES;
				CLANG_WARN_INT_CONVERSION = YES;
				CLANG_WARN_NON_LITERAL_NULL_CONVERSION = YES;
				CLANG_WARN_OBJC_IMPLICIT_RETAIN_SELF = YES;
				CLANG_WARN_OBJC_LITERAL_CONVERSION = YES;
				CLANG_WARN_OBJC_ROOT_CLASS = YES_ERROR;
				CLANG_WARN_RANGE_LOOP_ANALYSIS = YES;
				CLANG_WARN_STRICT_PROTOTYPES = YES;
				CLANG_WARN_SUSPICIOUS_MOVE = YES;
				CLANG_WARN_UNGUARDED_AVAILABILITY = YES_AGGRESSIVE;
				CLANG_WARN_UNREACHABLE_CODE = YES;
				CLANG_WARN__DUPLICATE_METHOD_MATCH = YES;
				CODE_SIGN_IDENTITY = "iPhone Developer";
				COPY_PHASE_STRIP = NO;
				DEBUG_INFORMATION_FORMAT = dwarf;
				ENABLE_STRICT_OBJC_MSGSEND = YES;
				ENABLE_TESTABILITY = YES;
				GCC_C_LANGUAGE_STANDARD = gnu11;
				GCC_DYNAMIC_NO_PIC = NO;
				GCC_NO_COMMON_BLOCKS = YES;
				GCC_OPTIMIZATION_LEVEL = 0;
				GCC_PREPROCESSOR_DEFINITIONS = (
					"DEBUG=1",
					"$(inherited)",
				);
				GCC_WARN_64_TO_32_BIT_CONVERSION = YES;
				GCC_WARN_ABOUT_RETURN_TYPE = YES_ERROR;
				GCC_WARN_UNDECLARED_SELECTOR = YES;
				GCC_WARN_UNINITIALIZED_AUTOS = YES_AGGRESSIVE;
				GCC_WARN_UNUSED_FUNCTION = YES;
				GCC_WARN_UNUSED_VARIABLE = YES;
				IPHONEOS_DEPLOYMENT_TARGET = 12.1;
				MTL_ENABLE_DEBUG_INFO = YES;
				ONLY_ACTIVE_ARCH = YES;
				SDKROOT = iphoneos;
				SWIFT_ACTIVE_COMPILATION_CONDITIONS = DEBUG;
				SWIFT_OPTIMIZATION_LEVEL = "-Onone";
			};
			name = Debug;
		};
		C7073FF51FB07BC90065C92F /* Release */ = {
			isa = XCBuildConfiguration;
			buildSettings = {
				ALWAYS_SEARCH_USER_PATHS = NO;
				CLANG_ANALYZER_NONNULL = YES;
				CLANG_ANALYZER_NUMBER_OBJECT_CONVERSION = YES_AGGRESSIVE;
				CLANG_CXX_LANGUAGE_STANDARD = "gnu++14";
				CLANG_CXX_LIBRARY = "libc++";
				CLANG_ENABLE_MODULES = YES;
				CLANG_ENABLE_OBJC_ARC = YES;
				CLANG_WARN_BLOCK_CAPTURE_AUTORELEASING = YES;
				CLANG_WARN_BOOL_CONVERSION = YES;
				CLANG_WARN_COMMA = YES;
				CLANG_WARN_CONSTANT_CONVERSION = YES;
				CLANG_WARN_DEPRECATED_OBJC_IMPLEMENTATIONS = YES;
				CLANG_WARN_DIRECT_OBJC_ISA_USAGE = YES_ERROR;
				CLANG_WARN_DOCUMENTATION_COMMENTS = YES;
				CLANG_WARN_EMPTY_BODY = YES;
				CLANG_WARN_ENUM_CONVERSION = YES;
				CLANG_WARN_INFINITE_RECURSION = YES;
				CLANG_WARN_INT_CONVERSION = YES;
				CLANG_WARN_NON_LITERAL_NULL_CONVERSION = YES;
				CLANG_WARN_OBJC_IMPLICIT_RETAIN_SELF = YES;
				CLANG_WARN_OBJC_LITERAL_CONVERSION = YES;
				CLANG_WARN_OBJC_ROOT_CLASS = YES_ERROR;
				CLANG_WARN_RANGE_LOOP_ANALYSIS = YES;
				CLANG_WARN_STRICT_PROTOTYPES = YES;
				CLANG_WARN_SUSPICIOUS_MOVE = YES;
				CLANG_WARN_UNGUARDED_AVAILABILITY = YES_AGGRESSIVE;
				CLANG_WARN_UNREACHABLE_CODE = YES;
				CLANG_WARN__DUPLICATE_METHOD_MATCH = YES;
				CODE_SIGN_IDENTITY = "iPhone Developer";
				COPY_PHASE_STRIP = NO;
				DEBUG_INFORMATION_FORMAT = "dwarf-with-dsym";
				ENABLE_NS_ASSERTIONS = NO;
				ENABLE_STRICT_OBJC_MSGSEND = YES;
				GCC_C_LANGUAGE_STANDARD = gnu11;
				GCC_NO_COMMON_BLOCKS = YES;
				GCC_WARN_64_TO_32_BIT_CONVERSION = YES;
				GCC_WARN_ABOUT_RETURN_TYPE = YES_ERROR;
				GCC_WARN_UNDECLARED_SELECTOR = YES;
				GCC_WARN_UNINITIALIZED_AUTOS = YES_AGGRESSIVE;
				GCC_WARN_UNUSED_FUNCTION = YES;
				GCC_WARN_UNUSED_VARIABLE = YES;
				IPHONEOS_DEPLOYMENT_TARGET = 12.1;
				MTL_ENABLE_DEBUG_INFO = NO;
				SDKROOT = iphoneos;
				SWIFT_OPTIMIZATION_LEVEL = "-Owholemodule";
				VALIDATE_PRODUCT = YES;
			};
			name = Release;
		};
		C7073FF71FB07BC90065C92F /* Debug */ = {
			isa = XCBuildConfiguration;
			buildSettings = {
				ASSETCATALOG_COMPILER_APPICON_NAME = AppIcon;
				CODE_SIGN_STYLE = Automatic;
				INFOPLIST_FILE = DISCTest/Info.plist;
				LD_RUNPATH_SEARCH_PATHS = "$(inherited) @executable_path/Frameworks";
				PRODUCT_BUNDLE_IDENTIFIER = net.yagom.DISCTest;
				PRODUCT_NAME = "$(TARGET_NAME)";
				SWIFT_VERSION = 4.2;
				TARGETED_DEVICE_FAMILY = "1,2";
			};
			name = Debug;
		};
		C7073FF81FB07BC90065C92F /* Release */ = {
			isa = XCBuildConfiguration;
			buildSettings = {
				ASSETCATALOG_COMPILER_APPICON_NAME = AppIcon;
				CODE_SIGN_STYLE = Automatic;
				INFOPLIST_FILE = DISCTest/Info.plist;
				LD_RUNPATH_SEARCH_PATHS = "$(inherited) @executable_path/Frameworks";
				PRODUCT_BUNDLE_IDENTIFIER = net.yagom.DISCTest;
				PRODUCT_NAME = "$(TARGET_NAME)";
				SWIFT_VERSION = 4.2;
				TARGETED_DEVICE_FAMILY = "1,2";
			};
			name = Release;
		};
/* End XCBuildConfiguration section */

/* Begin XCConfigurationList section */
		C7073FDF1FB07BC90065C92F /* Build configuration list for PBXProject "DISCTest" */ = {
			isa = XCConfigurationList;
			buildConfigurations = (
				C7073FF41FB07BC90065C92F /* Debug */,
				C7073FF51FB07BC90065C92F /* Release */,
			);
			defaultConfigurationIsVisible = 0;
			defaultConfigurationName = Release;
		};
		C7073FF61FB07BC90065C92F /* Build configuration list for PBXNativeTarget "DISCTest" */ = {
			isa = XCConfigurationList;
			buildConfigurations = (
				C7073FF71FB07BC90065C92F /* Debug */,
				C7073FF81FB07BC90065C92F /* Release */,
			);
			defaultConfigurationIsVisible = 0;
			defaultConfigurationName = Release;
		};
/* End XCConfigurationList section */
	};
	rootObject = C7073FDC1FB07BC90065C92F /* Project object */;
}
